
Microsoft Visual Studio Solution File, Format Version 12.00
# Visual Studio 15
VisualStudioVersion = 15.0.27004.2009
MinimumVisualStudioVersion = 10.0.40219.1
Project("{8BC9CEB8-8B4A-11D0-8D11-00A0C91BC942}") = "DFS", "DFS\DFS.vcxproj", "{247923B0-7D70-4534-8C7B-46EBFE300525}"
EndProject
Global
	GlobalSection(SolutionConfigurationPlatforms) = preSolution
		Debug|x64 = Debug|x64
		Debug|x86 = Debug|x86
		Release|x64 = Release|x64
		Release|x86 = Release|x86
	EndGlobalSection
	GlobalSection(ProjectConfigurationPlatforms) = postSolution
		{247923B0-7D70-4534-8C7B-46EBFE300525}.Debug|x64.ActiveCfg = Debug|x64
		{247923B0-7D70-4534-8C7B-46EBFE300525}.Debug|x64.Build.0 = Debug|x64
		{247923B0-7D70-4534-8C7B-46EBFE300525}.Debug|x86.ActiveCfg = Debug|Win32
		{247923B0-7D70-4534-8C7B-46EBFE300525}.Debug|x86.Build.0 = Debug|Win32
		{247923B0-7D70-4534-8C7B-46EBFE300525}.Release|x64.ActiveCfg = Release|x64
		{247923B0-7D70-4534-8C7B-46EBFE300525}.Release|x64.Build.0 = Release|x64
		{247923B0-7D70-4534-8C7B-46EBFE300525}.Release|x86.ActiveCfg = Release|Win32
		{247923B0-7D70-4534-8C7B-46EBFE300525}.Release|x86.Build.0 = Release|Win32
	EndGlobalSection
	GlobalSection(SolutionProperties) = preSolution
		HideSolutionNode = FALSE
	EndGlobalSection
	GlobalSection(ExtensibilityGlobals) = postSolution
		SolutionGuid = {18703A44-57C2-488E-A64B-E0AF335777DD}
	EndGlobalSection
EndGlobal
